
Microsoft Visual Studio Solution File, Format Version 12.00
# Visual Studio 2017
Project("{FAE04EC0-301F-11D3-BF4B-00C04F79EFBC}") = "Number_Wizard", "Number_Wizard.csproj", "{0B559F61-AA7B-F4C7-2961-39F500187775}"
EndProject
Global
	GlobalSection(SolutionConfigurationPlatforms) = preSolution
		Debug|Any CPU = Debug|Any CPU
		Release|Any CPU = Release|Any CPU
	EndGlobalSection
	GlobalSection(ProjectConfigurationPlatforms) = postSolution
		{0B559F61-AA7B-F4C7-2961-39F500187775}.Debug|Any CPU.ActiveCfg = Debug|Any CPU
		{0B559F61-AA7B-F4C7-2961-39F500187775}.Debug|Any CPU.Build.0 = Debug|Any CPU
		{0B559F61-AA7B-F4C7-2961-39F500187775}.Release|Any CPU.ActiveCfg = Release|Any CPU
		{0B559F61-AA7B-F4C7-2961-39F500187775}.Release|Any CPU.Build.0 = Release|Any CPU
	EndGlobalSection
	GlobalSection(SolutionProperties) = preSolution
		HideSolutionNode = FALSE
	EndGlobalSection
EndGlobal
